
Microsoft Visual Studio Solution File, Format Version 12.00
# Visual Studio 15
VisualStudioVersion = 15.0.28307.1082
MinimumVisualStudioVersion = 10.0.40219.1
Project("{FAE04EC0-301F-11D3-BF4B-00C04F79EFBC}") = "OpenCVTester", "OpenCVTester.csproj", "{F20DCB47-5BE3-40A4-87B9-D2FFF6B5B533}"
EndProject
Global
	GlobalSection(SolutionConfigurationPlatforms) = preSolution
		Debug|Any CPU = Debug|Any CPU
		Release|Any CPU = Release|Any CPU
	EndGlobalSection
	GlobalSection(ProjectConfigurationPlatforms) = postSolution
		{F20DCB47-5BE3-40A4-87B9-D2FFF6B5B533}.Debug|Any CPU.ActiveCfg = Debug|Any CPU
		{F20DCB47-5BE3-40A4-87B9-D2FFF6B5B533}.Debug|Any CPU.Build.0 = Debug|Any CPU
		{F20DCB47-5BE3-40A4-87B9-D2FFF6B5B533}.Release|Any CPU.ActiveCfg = Release|Any CPU
		{F20DCB47-5BE3-40A4-87B9-D2FFF6B5B533}.Release|Any CPU.Build.0 = Release|Any CPU
	EndGlobalSection
	GlobalSection(SolutionProperties) = preSolution
		HideSolutionNode = FALSE
	EndGlobalSection
	GlobalSection(ExtensibilityGlobals) = postSolution
		SolutionGuid = {52DD13E3-8273-4008-9F54-6B5E815D0281}
	EndGlobalSection
EndGlobal
